// !$*UTF8*$!
{
	archiveVersion = 1;
	classes = {
	};
	objectVersion = 46;
	objects = {

/* Begin PBXBuildFile section */
		7706FC1114DBB28C0023DBA4 /* Data in Copy Halo Data */ = {isa = PBXBuildFile; fileRef = 7706FC0E14DBB26C0023DBA4 /* Data */; };
		7709F96B1846C256005E58F5 /* Cocoa.framework in Frameworks */ = {isa = PBXBuildFile; fileRef = 7709F96A1846C256005E58F5 /* Cocoa.framework */; };
		770BEEB2154DB7900052193F /* shield.icns in Resources */ = {isa = PBXBuildFile; fileRef = 770BEEB1154DB7900052193F /* shield.icns */; };
		770C153D1741CC37001380A8 /* game_icon.pdf in Resources */ = {isa = PBXBuildFile; fileRef = 770C153C1741CC37001380A8 /* game_icon.pdf */; };
		770C15411742E1FD001380A8 /* in_chat_icon.pdf in Resources */ = {isa = PBXBuildFile; fileRef = 770C15401742E1FC001380A8 /* in_chat_icon.pdf */; };
		77152B20163B5AEA00F136BF /* MDNetworking.m in Sources */ = {isa = PBXBuildFile; fileRef = 77152B1F163B5AEA00F136BF /* MDNetworking.m */; };
		771CA916156F59BF005A32EF /* MDHyperLink.m in Sources */ = {isa = PBXBuildFile; fileRef = 771CA915156F59BF005A32EF /* MDHyperLink.m */; };
		773E8ADB1820C7C000D1A71A /* Foundation.framework in Frameworks */ = {isa = PBXBuildFile; fileRef = 773E8AD91820C7B700D1A71A /* Foundation.framework */; };
		773E8ADE1820C7CE00D1A71A /* AppKit.framework in Frameworks */ = {isa = PBXBuildFile; fileRef = 773E8ADC1820C7C500D1A71A /* AppKit.framework */; };
		774EF67917C7210B005ABB20 /* xmpp4r in Resources */ = {isa = PBXBuildFile; fileRef = 774EF67817C7210B005ABB20 /* xmpp4r */; };
		774EF67B17C72111005ABB20 /* xmpp4r.rb in Resources */ = {isa = PBXBuildFile; fileRef = 774EF67A17C72111005ABB20 /* xmpp4r.rb */; };
		774EF67D17C72117005ABB20 /* crc32forge.py in Resources */ = {isa = PBXBuildFile; fileRef = 774EF67C17C72117005ABB20 /* crc32forge.py */; };
		774EF68717C72134005ABB20 /* SCEvent.m in Sources */ = {isa = PBXBuildFile; fileRef = 774EF68317C72134005ABB20 /* SCEvent.m */; };
		774EF68817C72134005ABB20 /* SCEvents.m in Sources */ = {isa = PBXBuildFile; fileRef = 774EF68617C72134005ABB20 /* SCEvents.m */; };
		774EF68E17C72178005ABB20 /* DSClickableURLTextField.m in Sources */ = {isa = PBXBuildFile; fileRef = 774EF68D17C72178005ABB20 /* DSClickableURLTextField.m */; };
		774EF69217C721D1005ABB20 /* Sparkle.framework in Frameworks */ = {isa = PBXBuildFile; fileRef = 774EF69117C721D1005ABB20 /* Sparkle.framework */; };
		774EF69617C7222D005ABB20 /* Sparkle.framework in Copy Frameworks */ = {isa = PBXBuildFile; fileRef = 774EF69117C721D1005ABB20 /* Sparkle.framework */; };
		774EF69717C7222D005ABB20 /* Growl.framework in Copy Frameworks */ = {isa = PBXBuildFile; fileRef = 774EF68F17C721CC005ABB20 /* Growl.framework */; };
		775B529814D331C800B874E3 /* InfoPlist.strings in Resources */ = {isa = PBXBuildFile; fileRef = 775B529614D331C800B874E3 /* InfoPlist.strings */; };
		775B529A14D331C800B874E3 /* main.m in Sources */ = {isa = PBXBuildFile; fileRef = 775B529914D331C800B874E3 /* main.m */; };
		775B529E14D331C800B874E3 /* Credits.rtf in Resources */ = {isa = PBXBuildFile; fileRef = 775B529C14D331C800B874E3 /* Credits.rtf */; };
		775B52A114D331C800B874E3 /* AppDelegate.m in Sources */ = {isa = PBXBuildFile; fileRef = 775B52A014D331C800B874E3 /* AppDelegate.m */; };
		775B52A414D331C900B874E3 /* MainMenu.xib in Resources */ = {isa = PBXBuildFile; fileRef = 775B52A214D331C900B874E3 /* MainMenu.xib */; };
		775B52AD14D3326800B874E3 /* com.null.halominidemo.plist in Resources */ = {isa = PBXBuildFile; fileRef = 775B52AC14D3326800B874E3 /* com.null.halominidemo.plist */; };
		775B52B414D332B800B874E3 /* MDServer.m in Sources */ = {isa = PBXBuildFile; fileRef = 775B52B314D332B800B874E3 /* MDServer.m */; };
		776E3FAD14FAAC01001414AB /* dsa_pub.pem in Resources */ = {isa = PBXBuildFile; fileRef = 776E3FAC14FAAC01001414AB /* dsa_pub.pem */; };
		777A1AF01738F588005E2883 /* chat_icon.pdf in Resources */ = {isa = PBXBuildFile; fileRef = 777A1AEF1738F588005E2883 /* chat_icon.pdf */; };
		77904A38151C26BF0046EA96 /* keygen.c in Sources */ = {isa = PBXBuildFile; fileRef = 77904A37151C26BF0046EA96 /* keygen.c */; };
		77971957173B3D6600007D80 /* CRcv.aif in Resources */ = {isa = PBXBuildFile; fileRef = 77971955173B3D6600007D80 /* CRcv.aif */; };
		77971958173B3D6600007D80 /* CSnd.aif in Resources */ = {isa = PBXBuildFile; fileRef = 77971956173B3D6600007D80 /* CSnd.aif */; };
		7797195B173B698600007D80 /* MDChatWindow.m in Sources */ = {isa = PBXBuildFile; fileRef = 7797195A173B698600007D80 /* MDChatWindow.m */; };
		77B10987185D57900080BDDF /* MDPluginListItem.m in Sources */ = {isa = PBXBuildFile; fileRef = 77B10986185D57900080BDDF /* MDPluginListItem.m */; };
		77B10988185D8CF50080BDDF /* mach_override.c in Sources */ = {isa = PBXBuildFile; fileRef = 77BC6753184040A600F82849 /* mach_override.c */; };
		77B1098A185D8E210080BDDF /* MDPlugin.h in Headers */ = {isa = PBXBuildFile; fileRef = 77B10989185D8E210080BDDF /* MDPlugin.h */; };
		77B58A921571AF4900C93121 /* MDModsController.m in Sources */ = {isa = PBXBuildFile; fileRef = 77B58A911571AF4900C93121 /* MDModsController.m */; };
		77B58AAA1572BF6200C93121 /* MDModListItem.m in Sources */ = {isa = PBXBuildFile; fileRef = 77B58AA91572BF6200C93121 /* MDModListItem.m */; };
		77BC6755184040A600F82849 /* plugin_handler.m in Sources */ = {isa = PBXBuildFile; fileRef = 77BC6752184040A600F82849 /* plugin_handler.m */; };
		77BC6757184040A600F82849 /* mach_override.h in Headers */ = {isa = PBXBuildFile; fileRef = 77BC6754184040A600F82849 /* mach_override.h */; };
		77BC6759184040D400F82849 /* Foundation.framework in Frameworks */ = {isa = PBXBuildFile; fileRef = 77BC6758184040D400F82849 /* Foundation.framework */; };
		77BC6793184086DC00F82849 /* InfoPlist.strings in Resources */ = {isa = PBXBuildFile; fileRef = 77BC6791184086DC00F82849 /* InfoPlist.strings */; };
		77BC679A1840880F00F82849 /* MDChatTextRedirect.m in Sources */ = {isa = PBXBuildFile; fileRef = 77BC67991840880F00F82849 /* MDChatTextRedirect.m */; };
		77BC679B1840892C00F82849 /* Foundation.framework in Frameworks */ = {isa = PBXBuildFile; fileRef = 77BC6758184040D400F82849 /* Foundation.framework */; };
		77BC67A118408EFC00F82849 /* mach_override.c in Sources */ = {isa = PBXBuildFile; fileRef = 77BC6753184040A600F82849 /* mach_override.c */; };
		77C595FB1842B8E900C81DC0 /* Foundation.framework in Frameworks */ = {isa = PBXBuildFile; fileRef = 77BC6758184040D400F82849 /* Foundation.framework */; };
		77C595FE1842B94900C81DC0 /* MapList.mdplugin in Copy Plugins */ = {isa = PBXBuildFile; fileRef = 77E6C7091842B7BE00705ED5 /* MapList.mdplugin */; };
		77C595FF1842B97800C81DC0 /* mach_override.c in Sources */ = {isa = PBXBuildFile; fileRef = 77BC6753184040A600F82849 /* mach_override.c */; };
		77CF348615DA33FB005ECB2F /* CoreServices.framework in Frameworks */ = {isa = PBXBuildFile; fileRef = 77CF348515DA33FB005ECB2F /* CoreServices.framework */; };
		77D44A5B164A076100510501 /* lock.png in Resources */ = {isa = PBXBuildFile; fileRef = 77D44A5A164A076100510501 /* lock.png */; };
		77DD81F314EDFDE200EBA4CE /* Ruby.framework in Frameworks */ = {isa = PBXBuildFile; fileRef = 77DD81F214EDFDE200EBA4CE /* Ruby.framework */; };
		77E52D1F16D89D970015246C /* MDChatWindowController.m in Sources */ = {isa = PBXBuildFile; fileRef = 77E52D1D16D89D970015246C /* MDChatWindowController.m */; };
		77E52D2016D89D970015246C /* MDChatWindowController.xib in Resources */ = {isa = PBXBuildFile; fileRef = 77E52D1E16D89D970015246C /* MDChatWindowController.xib */; };
		77E52D2216D8A1D60015246C /* theme.css in Resources */ = {isa = PBXBuildFile; fileRef = 77E52D2116D8A1D60015246C /* theme.css */; };
		77E52D2616D8A2640015246C /* WebKit.framework in Frameworks */ = {isa = PBXBuildFile; fileRef = 77E52D2516D8A2640015246C /* WebKit.framework */; };
		77E52D2816D8A31C0015246C /* index.html in Resources */ = {isa = PBXBuildFile; fileRef = 77E52D2716D8A31C0015246C /* index.html */; };
		77E52D2A16D8AC0F0015246C /* chatting.rb in Resources */ = {isa = PBXBuildFile; fileRef = 77E52D2916D8AC0F0015246C /* chatting.rb */; };
		77E6C6CB18413AC800705ED5 /* plugin.icns in Resources */ = {isa = PBXBuildFile; fileRef = 77E6C6CA18413AC800705ED5 /* plugin.icns */; };
		77E6C6CE1841493200705ED5 /* MDOverrides.dylib in Copy Frameworks */ = {isa = PBXBuildFile; fileRef = 77BC674D1840405100F82849 /* MDOverrides.dylib */; };
		77E6C6D018414A4700705ED5 /* ChatTextRedirect.mdplugin in Copy Plugins */ = {isa = PBXBuildFile; fileRef = 77BC678A184086DC00F82849 /* ChatTextRedirect.mdplugin */; };
		77E6C7101842B7BE00705ED5 /* InfoPlist.strings in Resources */ = {isa = PBXBuildFile; fileRef = 77E6C70E1842B7BE00705ED5 /* InfoPlist.strings */; };
		77E6C7171842B86200705ED5 /* ZZModList.m in Sources */ = {isa = PBXBuildFile; fileRef = 77E6C7161842B86200705ED5 /* ZZModList.m */; };
		77E7E2871720FCB100E18FB9 /* MDModPatch.m in Sources */ = {isa = PBXBuildFile; fileRef = 77E7E2861720FCB000E18FB9 /* MDModPatch.m */; };
		77E7E28A172463C500E18FB9 /* MDChatRosterElement.m in Sources */ = {isa = PBXBuildFile; fileRef = 77E7E289172463C400E18FB9 /* MDChatRosterElement.m */; };
		77E7E28F172477E000E18FB9 /* Growl Registration Ticket.growlRegDict in Resources */ = {isa = PBXBuildFile; fileRef = 77E7E28E172477E000E18FB9 /* Growl Registration Ticket.growlRegDict */; };
		77E7E2951724B16000E18FB9 /* IOKit.framework in Frameworks */ = {isa = PBXBuildFile; fileRef = 77E7E2941724B16000E18FB9 /* IOKit.framework */; };
		77E7E2971724B17300E18FB9 /* CoreFoundation.framework in Frameworks */ = {isa = PBXBuildFile; fileRef = 77E7E2961724B17300E18FB9 /* CoreFoundation.framework */; };
		77F65ECF150B1E3000D26C71 /* MDInspectorController.m in Sources */ = {isa = PBXBuildFile; fileRef = 77F65ECE150B1E2F00D26C71 /* MDInspectorController.m */; };
		77F65ED3150B253F00D26C71 /* MDPlayer.m in Sources */ = {isa = PBXBuildFile; fileRef = 77F65ED2150B253F00D26C71 /* MDPlayer.m */; };
		77FD5246187F5BF800E2A604 /* InfoPlist.strings in Resources */ = {isa = PBXBuildFile; fileRef = 77FD5244187F5BF800E2A604 /* InfoPlist.strings */; };
		77FD5262187F5CA200E2A604 /* ioapi.c in Sources */ = {isa = PBXBuildFile; fileRef = 77FD525A187F5CA200E2A604 /* ioapi.c */; };
		77FD5263187F5CA200E2A604 /* mztools.c in Sources */ = {isa = PBXBuildFile; fileRef = 77FD525C187F5CA200E2A604 /* mztools.c */; };
		77FD5264187F5CA200E2A604 /* unzip.c in Sources */ = {isa = PBXBuildFile; fileRef = 77FD525E187F5CA200E2A604 /* unzip.c */; };
		77FD5265187F5CA200E2A604 /* zip.c in Sources */ = {isa = PBXBuildFile; fileRef = 77FD5260187F5CA200E2A604 /* zip.c */; };
		77FD5269187F5CBE00E2A604 /* bspatch.c in Sources */ = {isa = PBXBuildFile; fileRef = 77FD5267187F5CBE00E2A604 /* bspatch.c */; };
		77FD526C187F5D0500E2A604 /* ZZTMapDownloader.m in Sources */ = {isa = PBXBuildFile; fileRef = 77FD526B187F5D0500E2A604 /* ZZTMapDownloader.m */; };
		77FD526D187F5D2200E2A604 /* Foundation.framework in Frameworks */ = {isa = PBXBuildFile; fileRef = 77BC6758184040D400F82849 /* Foundation.framework */; };
		77FD5270187F5D7700E2A604 /* mach_override.c in Sources */ = {isa = PBXBuildFile; fileRef = 77BC6753184040A600F82849 /* mach_override.c */; };
		77FD5272187F5DFC00E2A604 /* libz.dylib in Frameworks */ = {isa = PBXBuildFile; fileRef = 77FD5271187F5DFC00E2A604 /* libz.dylib */; };
		77FD5274187F5E0900E2A604 /* libbz2.dylib in Frameworks */ = {isa = PBXBuildFile; fileRef = 77FD5273187F5E0900E2A604 /* libbz2.dylib */; };
		77FD5275187F5FF800E2A604 /* MapDownloader.mdplugin in Copy Plugins */ = {isa = PBXBuildFile; fileRef = 77FD523E187F5BF800E2A604 /* MapDownloader.mdplugin */; };
		77FFC0F91863B75800122357 /* MDGameFavoritesWindowController.m in Sources */ = {isa = PBXBuildFile; fileRef = 77FFC0F71863B75800122357 /* MDGameFavoritesWindowController.m */; };
		77FFC0FA1863B75800122357 /* MDGameFavoritesWindowController.xib in Resources */ = {isa = PBXBuildFile; fileRef = 77FFC0F81863B75800122357 /* MDGameFavoritesWindowController.xib */; };
/* End PBXBuildFile section */

/* Begin PBXContainerItemProxy section */
		77BC675C184043B300F82849 /* PBXContainerItemProxy */ = {
			isa = PBXContainerItemProxy;
			containerPortal = 775B528014D331C800B874E3 /* Project object */;
			proxyType = 1;
			remoteGlobalIDString = 77BC674C1840405100F82849;
			remoteInfo = MDOverrides;
		};
		77BC679E1840899D00F82849 /* PBXContainerItemProxy */ = {
			isa = PBXContainerItemProxy;
			containerPortal = 775B528014D331C800B874E3 /* Project object */;
			proxyType = 1;
			remoteGlobalIDString = 77BC6789184086DC00F82849;
			remoteInfo = ChatTextRedirect;
		};
		77C595FC1842B91A00C81DC0 /* PBXContainerItemProxy */ = {
			isa = PBXContainerItemProxy;
			containerPortal = 775B528014D331C800B874E3 /* Project object */;
			proxyType = 1;
			remoteGlobalIDString = 77E6C7081842B7BE00705ED5;
			remoteInfo = MapList;
		};
		77FD526E187F5D3900E2A604 /* PBXContainerItemProxy */ = {
			isa = PBXContainerItemProxy;
			containerPortal = 775B528014D331C800B874E3 /* Project object */;
			proxyType = 1;
			remoteGlobalIDString = 77FD523D187F5BF800E2A604;
			remoteInfo = MapDownloader;
		};
/* End PBXContainerItemProxy section */

/* Begin PBXCopyFilesBuildPhase section */
		7706FC1014DBB2830023DBA4 /* Copy Halo Data */ = {
			isa = PBXCopyFilesBuildPhase;
			buildActionMask = 2147483647;
			dstPath = "";
			dstSubfolderSpec = 7;
			files = (
				7706FC1114DBB28C0023DBA4 /* Data in Copy Halo Data */,
			);
			name = "Copy Halo Data";
			runOnlyForDeploymentPostprocessing = 0;
		};
		776E3FAA14FAA9F0001414AB /* Copy Frameworks */ = {
			isa = PBXCopyFilesBuildPhase;
			buildActionMask = 2147483647;
			dstPath = "";
			dstSubfolderSpec = 10;
			files = (
				77E6C6CE1841493200705ED5 /* MDOverrides.dylib in Copy Frameworks */,
				774EF69617C7222D005ABB20 /* Sparkle.framework in Copy Frameworks */,
				774EF69717C7222D005ABB20 /* Growl.framework in Copy Frameworks */,
			);
			name = "Copy Frameworks";
			runOnlyForDeploymentPostprocessing = 0;
		};
		77E6C6CF18414A3600705ED5 /* Copy Plugins */ = {
			isa = PBXCopyFilesBuildPhase;
			buildActionMask = 2147483647;
			dstPath = "";
			dstSubfolderSpec = 13;
			files = (
				77FD5275187F5FF800E2A604 /* MapDownloader.mdplugin in Copy Plugins */,
				77C595FE1842B94900C81DC0 /* MapList.mdplugin in Copy Plugins */,
				77E6C6D018414A4700705ED5 /* ChatTextRedirect.mdplugin in Copy Plugins */,
			);
			name = "Copy Plugins";
			runOnlyForDeploymentPostprocessing = 0;
		};
/* End PBXCopyFilesBuildPhase section */

/* Begin PBXFileReference section */
		7706FC0E14DBB26C0023DBA4 /* Data */ = {isa = PBXFileReference; lastKnownFileType = folder; path = Data; sourceTree = "<group>"; };
		7709F96A1846C256005E58F5 /* Cocoa.framework */ = {isa = PBXFileReference; lastKnownFileType = wrapper.framework; name = Cocoa.framework; path = Platforms/MacOSX.platform/Developer/SDKs/MacOSX10.8.sdk/System/Library/Frameworks/Cocoa.framework; sourceTree = DEVELOPER_DIR; };
		770BEEB1154DB7900052193F /* shield.icns */ = {isa = PBXFileReference; lastKnownFileType = image.icns; path = shield.icns; sourceTree = "<group>"; };
		770C153C1741CC37001380A8 /* game_icon.pdf */ = {isa = PBXFileReference; lastKnownFileType = image.pdf; path = game_icon.pdf; sourceTree = "<group>"; };
		770C15401742E1FC001380A8 /* in_chat_icon.pdf */ = {isa = PBXFileReference; lastKnownFileType = image.pdf; path = in_chat_icon.pdf; sourceTree = "<group>"; };
		77152B1E163B5AEA00F136BF /* MDNetworking.h */ = {isa = PBXFileReference; fileEncoding = 4; lastKnownFileType = sourcecode.c.h; path = MDNetworking.h; sourceTree = "<group>"; };
		77152B1F163B5AEA00F136BF /* MDNetworking.m */ = {isa = PBXFileReference; fileEncoding = 4; lastKnownFileType = sourcecode.c.objc; path = MDNetworking.m; sourceTree = "<group>"; };
		771CA914156F59BF005A32EF /* MDHyperLink.h */ = {isa = PBXFileReference; fileEncoding = 4; lastKnownFileType = sourcecode.c.h; path = MDHyperLink.h; sourceTree = "<group>"; };
		771CA915156F59BF005A32EF /* MDHyperLink.m */ = {isa = PBXFileReference; fileEncoding = 4; lastKnownFileType = sourcecode.c.objc; path = MDHyperLink.m; sourceTree = "<group>"; };
		77329B8A168D95F3007DCAE2 /* h_master_server.rb */ = {isa = PBXFileReference; lastKnownFileType = text.script.ruby; path = h_master_server.rb; sourceTree = "<group>"; };
		773E8AD91820C7B700D1A71A /* Foundation.framework */ = {isa = PBXFileReference; lastKnownFileType = wrapper.framework; name = Foundation.framework; path = Platforms/MacOSX.platform/Developer/SDKs/MacOSX10.8.sdk/System/Library/Frameworks/Foundation.framework; sourceTree = DEVELOPER_DIR; };
		773E8ADC1820C7C500D1A71A /* AppKit.framework */ = {isa = PBXFileReference; lastKnownFileType = wrapper.framework; name = AppKit.framework; path = Platforms/MacOSX.platform/Developer/SDKs/MacOSX10.8.sdk/System/Library/Frameworks/AppKit.framework; sourceTree = DEVELOPER_DIR; };
		774EF67817C7210B005ABB20 /* xmpp4r */ = {isa = PBXFileReference; lastKnownFileType = folder; name = xmpp4r; path = vendor/xmpp4r; sourceTree = SOURCE_ROOT; };
		774EF67A17C72111005ABB20 /* xmpp4r.rb */ = {isa = PBXFileReference; fileEncoding = 4; lastKnownFileType = text.script.ruby; name = xmpp4r.rb; path = vendor/xmpp4r.rb; sourceTree = SOURCE_ROOT; };
		774EF67C17C72117005ABB20 /* crc32forge.py */ = {isa = PBXFileReference; fileEncoding = 4; lastKnownFileType = text.script.python; name = crc32forge.py; path = vendor/crc32forge.py; sourceTree = SOURCE_ROOT; };
		774EF68117C72134005ABB20 /* SCConstants.h */ = {isa = PBXFileReference; fileEncoding = 4; lastKnownFileType = sourcecode.c.h; name = SCConstants.h; path = vendor/SCEvents/SCConstants.h; sourceTree = SOURCE_ROOT; };
		774EF68217C72134005ABB20 /* SCEvent.h */ = {isa = PBXFileReference; fileEncoding = 4; lastKnownFileType = sourcecode.c.h; name = SCEvent.h; path = vendor/SCEvents/SCEvent.h; sourceTree = SOURCE_ROOT; };
		774EF68317C72134005ABB20 /* SCEvent.m */ = {isa = PBXFileReference; fileEncoding = 4; lastKnownFileType = sourcecode.c.objc; name = SCEvent.m; path = vendor/SCEvents/SCEvent.m; sourceTree = SOURCE_ROOT; };
		774EF68417C72134005ABB20 /* SCEventListenerProtocol.h */ = {isa = PBXFileReference; fileEncoding = 4; lastKnownFileType = sourcecode.c.h; name = SCEventListenerProtocol.h; path = vendor/SCEvents/SCEventListenerProtocol.h; sourceTree = SOURCE_ROOT; };
		774EF68517C72134005ABB20 /* SCEvents.h */ = {isa = PBXFileReference; fileEncoding = 4; lastKnownFileType = sourcecode.c.h; name = SCEvents.h; path = vendor/SCEvents/SCEvents.h; sourceTree = SOURCE_ROOT; };
		774EF68617C72134005ABB20 /* SCEvents.m */ = {isa = PBXFileReference; fileEncoding = 4; lastKnownFileType = sourcecode.c.objc; name = SCEvents.m; path = vendor/SCEvents/SCEvents.m; sourceTree = SOURCE_ROOT; };
		774EF68C17C72178005ABB20 /* DSClickableURLTextField.h */ = {isa = PBXFileReference; fileEncoding = 4; lastKnownFileType = sourcecode.c.h; name = DSClickableURLTextField.h; path = vendor/DSClickableURLTextField.h; sourceTree = SOURCE_ROOT; };
		774EF68D17C72178005ABB20 /* DSClickableURLTextField.m */ = {isa = PBXFileReference; fileEncoding = 4; lastKnownFileType = sourcecode.c.objc; name = DSClickableURLTextField.m; path = vendor/DSClickableURLTextField.m; sourceTree = SOURCE_ROOT; };
		774EF68F17C721CC005ABB20 /* Growl.framework */ = {isa = PBXFileReference; lastKnownFileType = wrapper.framework; name = Growl.framework; path = vendor/Growl.framework; sourceTree = "<group>"; };
		774EF69117C721D1005ABB20 /* Sparkle.framework */ = {isa = PBXFileReference; lastKnownFileType = wrapper.framework; name = Sparkle.framework; path = vendor/Sparkle.framework; sourceTree = "<group>"; };
		775B528914D331C800B874E3 /* HaloMD.app */ = {isa = PBXFileReference; explicitFileType = wrapper.application; includeInIndex = 0; path = HaloMD.app; sourceTree = BUILT_PRODUCTS_DIR; };
		775B529514D331C800B874E3 /* HaloMD-Info.plist */ = {isa = PBXFileReference; lastKnownFileType = text.plist.xml; path = "HaloMD-Info.plist"; sourceTree = "<group>"; };
		775B529714D331C800B874E3 /* en */ = {isa = PBXFileReference; lastKnownFileType = text.plist.strings; name = en; path = en.lproj/InfoPlist.strings; sourceTree = "<group>"; };
		775B529914D331C800B874E3 /* main.m */ = {isa = PBXFileReference; lastKnownFileType = sourcecode.c.objc; path = main.m; sourceTree = "<group>"; };
		775B529B14D331C800B874E3 /* HaloMD-Prefix.pch */ = {isa = PBXFileReference; lastKnownFileType = sourcecode.c.h; path = "HaloMD-Prefix.pch"; sourceTree = "<group>"; };
		775B529D14D331C800B874E3 /* en */ = {isa = PBXFileReference; lastKnownFileType = text.rtf; name = en; path = en.lproj/Credits.rtf; sourceTree = "<group>"; };
		775B529F14D331C800B874E3 /* AppDelegate.h */ = {isa = PBXFileReference; lastKnownFileType = sourcecode.c.h; path = AppDelegate.h; sourceTree = "<group>"; };
		775B52A014D331C800B874E3 /* AppDelegate.m */ = {isa = PBXFileReference; lastKnownFileType = sourcecode.c.objc; path = AppDelegate.m; sourceTree = "<group>"; };
		775B52A314D331C900B874E3 /* en */ = {isa = PBXFileReference; lastKnownFileType = file.xib; name = en; path = en.lproj/MainMenu.xib; sourceTree = "<group>"; };
		775B52AC14D3326800B874E3 /* com.null.halominidemo.plist */ = {isa = PBXFileReference; lastKnownFileType = file.bplist; path = com.null.halominidemo.plist; sourceTree = "<group>"; };
		775B52B214D332B800B874E3 /* MDServer.h */ = {isa = PBXFileReference; fileEncoding = 4; lastKnownFileType = sourcecode.c.h; path = MDServer.h; sourceTree = "<group>"; };
		775B52B314D332B800B874E3 /* MDServer.m */ = {isa = PBXFileReference; fileEncoding = 4; lastKnownFileType = sourcecode.c.objc; path = MDServer.m; sourceTree = "<group>"; };
		776E3FAC14FAAC01001414AB /* dsa_pub.pem */ = {isa = PBXFileReference; fileEncoding = 4; lastKnownFileType = text; path = dsa_pub.pem; sourceTree = "<group>"; };
		777A1AEF1738F588005E2883 /* chat_icon.pdf */ = {isa = PBXFileReference; lastKnownFileType = image.pdf; path = chat_icon.pdf; sourceTree = "<group>"; };
		77904A37151C26BF0046EA96 /* keygen.c */ = {isa = PBXFileReference; fileEncoding = 4; lastKnownFileType = sourcecode.c.c; path = keygen.c; sourceTree = "<group>"; };
		77904A3A151C27070046EA96 /* keygen.h */ = {isa = PBXFileReference; fileEncoding = 4; lastKnownFileType = sourcecode.c.h; path = keygen.h; sourceTree = "<group>"; };
		77971955173B3D6600007D80 /* CRcv.aif */ = {isa = PBXFileReference; lastKnownFileType = file; path = CRcv.aif; sourceTree = "<group>"; };
		77971956173B3D6600007D80 /* CSnd.aif */ = {isa = PBXFileReference; lastKnownFileType = file; path = CSnd.aif; sourceTree = "<group>"; };
		77971959173B698600007D80 /* MDChatWindow.h */ = {isa = PBXFileReference; fileEncoding = 4; lastKnownFileType = sourcecode.c.h; path = MDChatWindow.h; sourceTree = "<group>"; };
		7797195A173B698600007D80 /* MDChatWindow.m */ = {isa = PBXFileReference; fileEncoding = 4; lastKnownFileType = sourcecode.c.objc; path = MDChatWindow.m; sourceTree = "<group>"; };
		77B10985185D57900080BDDF /* MDPluginListItem.h */ = {isa = PBXFileReference; fileEncoding = 4; lastKnownFileType = sourcecode.c.h; path = MDPluginListItem.h; sourceTree = "<group>"; };
		77B10986185D57900080BDDF /* MDPluginListItem.m */ = {isa = PBXFileReference; fileEncoding = 4; lastKnownFileType = sourcecode.c.objc; path = MDPluginListItem.m; sourceTree = "<group>"; };
		77B10989185D8E210080BDDF /* MDPlugin.h */ = {isa = PBXFileReference; fileEncoding = 4; lastKnownFileType = sourcecode.c.h; name = MDPlugin.h; path = MDOverrides/MDPlugin.h; sourceTree = "<group>"; };
		77B58A901571AF4900C93121 /* MDModsController.h */ = {isa = PBXFileReference; fileEncoding = 4; lastKnownFileType = sourcecode.c.h; path = MDModsController.h; sourceTree = "<group>"; };
		77B58A911571AF4900C93121 /* MDModsController.m */ = {isa = PBXFileReference; fileEncoding = 4; lastKnownFileType = sourcecode.c.objc; path = MDModsController.m; sourceTree = "<group>"; };
		77B58AA61572BEFD00C93121 /* MDModListItem.h */ = {isa = PBXFileReference; fileEncoding = 4; lastKnownFileType = sourcecode.c.h; path = MDModListItem.h; sourceTree = "<group>"; };
		77B58AA91572BF6200C93121 /* MDModListItem.m */ = {isa = PBXFileReference; fileEncoding = 4; lastKnownFileType = sourcecode.c.objc; path = MDModListItem.m; sourceTree = "<group>"; };
		77BC674D1840405100F82849 /* MDOverrides.dylib */ = {isa = PBXFileReference; explicitFileType = "compiled.mach-o.dylib"; includeInIndex = 0; path = MDOverrides.dylib; sourceTree = BUILT_PRODUCTS_DIR; };
		77BC6752184040A600F82849 /* plugin_handler.m */ = {isa = PBXFileReference; fileEncoding = 4; lastKnownFileType = sourcecode.c.objc; name = plugin_handler.m; path = MDOverrides/plugin_handler.m; sourceTree = "<group>"; };
		77BC6753184040A600F82849 /* mach_override.c */ = {isa = PBXFileReference; fileEncoding = 4; lastKnownFileType = sourcecode.c.c; name = mach_override.c; path = MDOverrides/mach_override.c; sourceTree = "<group>"; };
		77BC6754184040A600F82849 /* mach_override.h */ = {isa = PBXFileReference; fileEncoding = 4; lastKnownFileType = sourcecode.c.h; name = mach_override.h; path = MDOverrides/mach_override.h; sourceTree = "<group>"; };
		77BC6758184040D400F82849 /* Foundation.framework */ = {isa = PBXFileReference; lastKnownFileType = wrapper.framework; name = Foundation.framework; path = Platforms/MacOSX.platform/Developer/SDKs/MacOSX10.9.sdk/System/Library/Frameworks/Foundation.framework; sourceTree = DEVELOPER_DIR; };
		77BC675A184040DF00F82849 /* CoreServices.framework */ = {isa = PBXFileReference; lastKnownFileType = wrapper.framework; name = CoreServices.framework; path = Platforms/MacOSX.platform/Developer/SDKs/MacOSX10.9.sdk/System/Library/Frameworks/CoreServices.framework; sourceTree = DEVELOPER_DIR; };
		77BC678A184086DC00F82849 /* ChatTextRedirect.mdplugin */ = {isa = PBXFileReference; explicitFileType = wrapper.cfbundle; includeInIndex = 0; path = ChatTextRedirect.mdplugin; sourceTree = BUILT_PRODUCTS_DIR; };
		77BC6790184086DC00F82849 /* ChatTextRedirect-Info.plist */ = {isa = PBXFileReference; lastKnownFileType = text.plist.xml; path = "ChatTextRedirect-Info.plist"; sourceTree = "<group>"; };
		77BC6792184086DC00F82849 /* en */ = {isa = PBXFileReference; lastKnownFileType = text.plist.strings; name = en; path = en.lproj/InfoPlist.strings; sourceTree = "<group>"; };
		77BC67981840880F00F82849 /* MDChatTextRedirect.h */ = {isa = PBXFileReference; fileEncoding = 4; lastKnownFileType = sourcecode.c.h; path = MDChatTextRedirect.h; sourceTree = "<group>"; };
		77BC67991840880F00F82849 /* MDChatTextRedirect.m */ = {isa = PBXFileReference; fileEncoding = 4; lastKnownFileType = sourcecode.c.objc; path = MDChatTextRedirect.m; sourceTree = "<group>"; };
		77BC67A21840901E00F82849 /* ChatTextRedirect-Prefix.pch */ = {isa = PBXFileReference; fileEncoding = 4; lastKnownFileType = sourcecode.c.h; path = "ChatTextRedirect-Prefix.pch"; sourceTree = "<group>"; };
		77CF348515DA33FB005ECB2F /* CoreServices.framework */ = {isa = PBXFileReference; lastKnownFileType = wrapper.framework; name = CoreServices.framework; path = ../../../../../System/Library/Frameworks/CoreServices.framework; sourceTree = "<group>"; };
		77D44A5A164A076100510501 /* lock.png */ = {isa = PBXFileReference; lastKnownFileType = image.png; path = lock.png; sourceTree = "<group>"; };
		77DD81F214EDFDE200EBA4CE /* Ruby.framework */ = {isa = PBXFileReference; lastKnownFileType = wrapper.framework; name = Ruby.framework; path = ../../../../../../System/Library/Frameworks/Ruby.framework; sourceTree = "<group>"; };
		77E52D1C16D89D970015246C /* MDChatWindowController.h */ = {isa = PBXFileReference; fileEncoding = 4; lastKnownFileType = sourcecode.c.h; path = MDChatWindowController.h; sourceTree = "<group>"; };
		77E52D1D16D89D970015246C /* MDChatWindowController.m */ = {isa = PBXFileReference; fileEncoding = 4; lastKnownFileType = sourcecode.c.objc; path = MDChatWindowController.m; sourceTree = "<group>"; };
		77E52D1E16D89D970015246C /* MDChatWindowController.xib */ = {isa = PBXFileReference; fileEncoding = 4; lastKnownFileType = file.xib; path = MDChatWindowController.xib; sourceTree = "<group>"; };
		77E52D2116D8A1D60015246C /* theme.css */ = {isa = PBXFileReference; fileEncoding = 4; lastKnownFileType = text.css; path = theme.css; sourceTree = "<group>"; };
		77E52D2516D8A2640015246C /* WebKit.framework */ = {isa = PBXFileReference; lastKnownFileType = wrapper.framework; name = WebKit.framework; path = ../../../../../System/Library/Frameworks/WebKit.framework; sourceTree = "<group>"; };
		77E52D2716D8A31C0015246C /* index.html */ = {isa = PBXFileReference; fileEncoding = 4; lastKnownFileType = text.html; path = index.html; sourceTree = "<group>"; };
		77E52D2916D8AC0F0015246C /* chatting.rb */ = {isa = PBXFileReference; fileEncoding = 4; lastKnownFileType = text.script.ruby; path = chatting.rb; sourceTree = "<group>"; };
		77E6C6CA18413AC800705ED5 /* plugin.icns */ = {isa = PBXFileReference; lastKnownFileType = image.icns; path = plugin.icns; sourceTree = "<group>"; };
		77E6C7091842B7BE00705ED5 /* MapList.mdplugin */ = {isa = PBXFileReference; explicitFileType = wrapper.cfbundle; includeInIndex = 0; path = MapList.mdplugin; sourceTree = BUILT_PRODUCTS_DIR; };
		77E6C70D1842B7BE00705ED5 /* MapList-Info.plist */ = {isa = PBXFileReference; lastKnownFileType = text.plist.xml; path = "MapList-Info.plist"; sourceTree = "<group>"; };
		77E6C70F1842B7BE00705ED5 /* en */ = {isa = PBXFileReference; lastKnownFileType = text.plist.strings; name = en; path = en.lproj/InfoPlist.strings; sourceTree = "<group>"; };
		77E6C7111842B7BE00705ED5 /* MapList-Prefix.pch */ = {isa = PBXFileReference; lastKnownFileType = sourcecode.c.h; path = "MapList-Prefix.pch"; sourceTree = "<group>"; };
		77E6C7151842B86200705ED5 /* ZZModList.h */ = {isa = PBXFileReference; fileEncoding = 4; lastKnownFileType = sourcecode.c.h; path = ZZModList.h; sourceTree = "<group>"; };
		77E6C7161842B86200705ED5 /* ZZModList.m */ = {isa = PBXFileReference; fileEncoding = 4; lastKnownFileType = sourcecode.c.objc; path = ZZModList.m; sourceTree = "<group>"; };
		77E7E2851720FCB000E18FB9 /* MDModPatch.h */ = {isa = PBXFileReference; fileEncoding = 4; lastKnownFileType = sourcecode.c.h; path = MDModPatch.h; sourceTree = "<group>"; };
		77E7E2861720FCB000E18FB9 /* MDModPatch.m */ = {isa = PBXFileReference; fileEncoding = 4; lastKnownFileType = sourcecode.c.objc; path = MDModPatch.m; sourceTree = "<group>"; };
		77E7E288172463C400E18FB9 /* MDChatRosterElement.h */ = {isa = PBXFileReference; fileEncoding = 4; lastKnownFileType = sourcecode.c.h; path = MDChatRosterElement.h; sourceTree = "<group>"; };
		77E7E289172463C400E18FB9 /* MDChatRosterElement.m */ = {isa = PBXFileReference; fileEncoding = 4; lastKnownFileType = sourcecode.c.objc; path = MDChatRosterElement.m; sourceTree = "<group>"; };
		77E7E28E172477E000E18FB9 /* Growl Registration Ticket.growlRegDict */ = {isa = PBXFileReference; fileEncoding = 4; lastKnownFileType = text.xml; path = "Growl Registration Ticket.growlRegDict"; sourceTree = "<group>"; };
		77E7E2941724B16000E18FB9 /* IOKit.framework */ = {isa = PBXFileReference; lastKnownFileType = wrapper.framework; name = IOKit.framework; path = ../../../../../System/Library/Frameworks/IOKit.framework; sourceTree = "<group>"; };
		77E7E2961724B17300E18FB9 /* CoreFoundation.framework */ = {isa = PBXFileReference; lastKnownFileType = wrapper.framework; name = CoreFoundation.framework; path = ../../../../../System/Library/Frameworks/CoreFoundation.framework; sourceTree = "<group>"; };
		77F65ECD150B1E2F00D26C71 /* MDInspectorController.h */ = {isa = PBXFileReference; fileEncoding = 4; lastKnownFileType = sourcecode.c.h; path = MDInspectorController.h; sourceTree = "<group>"; };
		77F65ECE150B1E2F00D26C71 /* MDInspectorController.m */ = {isa = PBXFileReference; fileEncoding = 4; lastKnownFileType = sourcecode.c.objc; path = MDInspectorController.m; sourceTree = "<group>"; };
		77F65ED1150B253F00D26C71 /* MDPlayer.h */ = {isa = PBXFileReference; fileEncoding = 4; lastKnownFileType = sourcecode.c.h; path = MDPlayer.h; sourceTree = "<group>"; };
		77F65ED2150B253F00D26C71 /* MDPlayer.m */ = {isa = PBXFileReference; fileEncoding = 4; lastKnownFileType = sourcecode.c.objc; path = MDPlayer.m; sourceTree = "<group>"; };
		77FD523E187F5BF800E2A604 /* MapDownloader.mdplugin */ = {isa = PBXFileReference; explicitFileType = wrapper.cfbundle; includeInIndex = 0; path = MapDownloader.mdplugin; sourceTree = BUILT_PRODUCTS_DIR; };
		77FD5240187F5BF800E2A604 /* CoreData.framework */ = {isa = PBXFileReference; lastKnownFileType = wrapper.framework; name = CoreData.framework; path = System/Library/Frameworks/CoreData.framework; sourceTree = SDKROOT; };
		77FD5243187F5BF800E2A604 /* MapDownloader-Info.plist */ = {isa = PBXFileReference; lastKnownFileType = text.plist.xml; path = "MapDownloader-Info.plist"; sourceTree = "<group>"; };
		77FD5245187F5BF800E2A604 /* en */ = {isa = PBXFileReference; lastKnownFileType = text.plist.strings; name = en; path = en.lproj/InfoPlist.strings; sourceTree = "<group>"; };
		77FD5247187F5BF800E2A604 /* MapDownloader-Prefix.pch */ = {isa = PBXFileReference; lastKnownFileType = sourcecode.c.h; path = "MapDownloader-Prefix.pch"; sourceTree = "<group>"; };
		77FD5259187F5CA200E2A604 /* crypt.h */ = {isa = PBXFileReference; fileEncoding = 4; lastKnownFileType = sourcecode.c.h; name = crypt.h; path = vendor/minizip/crypt.h; sourceTree = SOURCE_ROOT; };
		77FD525A187F5CA200E2A604 /* ioapi.c */ = {isa = PBXFileReference; fileEncoding = 4; lastKnownFileType = sourcecode.c.c; name = ioapi.c; path = vendor/minizip/ioapi.c; sourceTree = SOURCE_ROOT; };
		77FD525B187F5CA200E2A604 /* ioapi.h */ = {isa = PBXFileReference; fileEncoding = 4; lastKnownFileType = sourcecode.c.h; name = ioapi.h; path = vendor/minizip/ioapi.h; sourceTree = SOURCE_ROOT; };
		77FD525C187F5CA200E2A604 /* mztools.c */ = {isa = PBXFileReference; fileEncoding = 4; lastKnownFileType = sourcecode.c.c; name = mztools.c; path = vendor/minizip/mztools.c; sourceTree = SOURCE_ROOT; };
		77FD525D187F5CA200E2A604 /* mztools.h */ = {isa = PBXFileReference; fileEncoding = 4; lastKnownFileType = sourcecode.c.h; name = mztools.h; path = vendor/minizip/mztools.h; sourceTree = SOURCE_ROOT; };
		77FD525E187F5CA200E2A604 /* unzip.c */ = {isa = PBXFileReference; fileEncoding = 4; lastKnownFileType = sourcecode.c.c; name = unzip.c; path = vendor/minizip/unzip.c; sourceTree = SOURCE_ROOT; };
		77FD525F187F5CA200E2A604 /* unzip.h */ = {isa = PBXFileReference; fileEncoding = 4; lastKnownFileType = sourcecode.c.h; name = unzip.h; path = vendor/minizip/unzip.h; sourceTree = SOURCE_ROOT; };
		77FD5260187F5CA200E2A604 /* zip.c */ = {isa = PBXFileReference; fileEncoding = 4; lastKnownFileType = sourcecode.c.c; name = zip.c; path = vendor/minizip/zip.c; sourceTree = SOURCE_ROOT; };
		77FD5261187F5CA200E2A604 /* zip.h */ = {isa = PBXFileReference; fileEncoding = 4; lastKnownFileType = sourcecode.c.h; name = zip.h; path = vendor/minizip/zip.h; sourceTree = SOURCE_ROOT; };
		77FD5267187F5CBE00E2A604 /* bspatch.c */ = {isa = PBXFileReference; fileEncoding = 4; lastKnownFileType = sourcecode.c.c; name = bspatch.c; path = vendor/bspatch/bspatch.c; sourceTree = SOURCE_ROOT; };
		77FD5268187F5CBE00E2A604 /* bspatch.h */ = {isa = PBXFileReference; fileEncoding = 4; lastKnownFileType = sourcecode.c.h; name = bspatch.h; path = vendor/bspatch/bspatch.h; sourceTree = SOURCE_ROOT; };
		77FD526A187F5D0500E2A604 /* ZZTMapDownloader.h */ = {isa = PBXFileReference; fileEncoding = 4; lastKnownFileType = sourcecode.c.h; path = ZZTMapDownloader.h; sourceTree = "<group>"; };
		77FD526B187F5D0500E2A604 /* ZZTMapDownloader.m */ = {isa = PBXFileReference; fileEncoding = 4; lastKnownFileType = sourcecode.c.objc; path = ZZTMapDownloader.m; sourceTree = "<group>"; };
		77FD5271187F5DFC00E2A604 /* libz.dylib */ = {isa = PBXFileReference; lastKnownFileType = "compiled.mach-o.dylib"; name = libz.dylib; path = Platforms/MacOSX.platform/Developer/SDKs/MacOSX10.9.sdk/usr/lib/libz.dylib; sourceTree = DEVELOPER_DIR; };
		77FD5273187F5E0900E2A604 /* libbz2.dylib */ = {isa = PBXFileReference; lastKnownFileType = "compiled.mach-o.dylib"; name = libbz2.dylib; path = Platforms/MacOSX.platform/Developer/SDKs/MacOSX10.9.sdk/usr/lib/libbz2.dylib; sourceTree = DEVELOPER_DIR; };
		77FFC0F61863B75800122357 /* MDGameFavoritesWindowController.h */ = {isa = PBXFileReference; fileEncoding = 4; lastKnownFileType = sourcecode.c.h; path = MDGameFavoritesWindowController.h; sourceTree = "<group>"; };
		77FFC0F71863B75800122357 /* MDGameFavoritesWindowController.m */ = {isa = PBXFileReference; fileEncoding = 4; lastKnownFileType = sourcecode.c.objc; path = MDGameFavoritesWindowController.m; sourceTree = "<group>"; };
		77FFC0F81863B75800122357 /* MDGameFavoritesWindowController.xib */ = {isa = PBXFileReference; fileEncoding = 4; lastKnownFileType = file.xib; path = MDGameFavoritesWindowController.xib; sourceTree = "<group>"; };
/* End PBXFileReference section */

/* Begin PBXFrameworksBuildPhase section */
		775B528614D331C800B874E3 /* Frameworks */ = {
			isa = PBXFrameworksBuildPhase;
			buildActionMask = 2147483647;
			files = (
				7709F96B1846C256005E58F5 /* Cocoa.framework in Frameworks */,
				773E8ADE1820C7CE00D1A71A /* AppKit.framework in Frameworks */,
				773E8ADB1820C7C000D1A71A /* Foundation.framework in Frameworks */,
				77DD81F314EDFDE200EBA4CE /* Ruby.framework in Frameworks */,
				77CF348615DA33FB005ECB2F /* CoreServices.framework in Frameworks */,
				77E52D2616D8A2640015246C /* WebKit.framework in Frameworks */,
				77E7E2951724B16000E18FB9 /* IOKit.framework in Frameworks */,
				77E7E2971724B17300E18FB9 /* CoreFoundation.framework in Frameworks */,
				774EF69217C721D1005ABB20 /* Sparkle.framework in Frameworks */,
			);
			runOnlyForDeploymentPostprocessing = 0;
		};
		77BC674A1840405100F82849 /* Frameworks */ = {
			isa = PBXFrameworksBuildPhase;
			buildActionMask = 2147483647;
			files = (
				77BC6759184040D400F82849 /* Foundation.framework in Frameworks */,
			);
			runOnlyForDeploymentPostprocessing = 0;
		};
		77BC6787184086DC00F82849 /* Frameworks */ = {
			isa = PBXFrameworksBuildPhase;
			buildActionMask = 2147483647;
			files = (
				77BC679B1840892C00F82849 /* Foundation.framework in Frameworks */,
			);
			runOnlyForDeploymentPostprocessing = 0;
		};
		77E6C7061842B7BE00705ED5 /* Frameworks */ = {
			isa = PBXFrameworksBuildPhase;
			buildActionMask = 2147483647;
			files = (
				77C595FB1842B8E900C81DC0 /* Foundation.framework in Frameworks */,
			);
			runOnlyForDeploymentPostprocessing = 0;
		};
		77FD523B187F5BF800E2A604 /* Frameworks */ = {
			isa = PBXFrameworksBuildPhase;
			buildActionMask = 2147483647;
			files = (
				77FD5274187F5E0900E2A604 /* libbz2.dylib in Frameworks */,
				77FD5272187F5DFC00E2A604 /* libz.dylib in Frameworks */,
				77FD526D187F5D2200E2A604 /* Foundation.framework in Frameworks */,
			);
			runOnlyForDeploymentPostprocessing = 0;
		};
/* End PBXFrameworksBuildPhase section */

/* Begin PBXGroup section */
		774EF67E17C7211F005ABB20 /* SCEvents */ = {
			isa = PBXGroup;
			children = (
				774EF68117C72134005ABB20 /* SCConstants.h */,
				774EF68217C72134005ABB20 /* SCEvent.h */,
				774EF68317C72134005ABB20 /* SCEvent.m */,
				774EF68417C72134005ABB20 /* SCEventListenerProtocol.h */,
				774EF68517C72134005ABB20 /* SCEvents.h */,
				774EF68617C72134005ABB20 /* SCEvents.m */,
			);
			name = SCEvents;
			sourceTree = "<group>";
		};
		775B527E14D331C800B874E3 = {
			isa = PBXGroup;
			children = (
				77BC67BC1840949C00F82849 /* Code Injection */,
				775B529314D331C800B874E3 /* HaloMD */,
				775B528C14D331C800B874E3 /* Frameworks */,
				775B528A14D331C800B874E3 /* Products */,
			);
			sourceTree = "<group>";
		};
		775B528A14D331C800B874E3 /* Products */ = {
			isa = PBXGroup;
			children = (
				775B528914D331C800B874E3 /* HaloMD.app */,
				77BC674D1840405100F82849 /* MDOverrides.dylib */,
				77BC678A184086DC00F82849 /* ChatTextRedirect.mdplugin */,
				77E6C7091842B7BE00705ED5 /* MapList.mdplugin */,
				77FD523E187F5BF800E2A604 /* MapDownloader.mdplugin */,
			);
			name = Products;
			sourceTree = "<group>";
		};
		775B528C14D331C800B874E3 /* Frameworks */ = {
			isa = PBXGroup;
			children = (
				77FD5273187F5E0900E2A604 /* libbz2.dylib */,
				77FD5271187F5DFC00E2A604 /* libz.dylib */,
				7709F96A1846C256005E58F5 /* Cocoa.framework */,
				77BC675A184040DF00F82849 /* CoreServices.framework */,
				77BC6758184040D400F82849 /* Foundation.framework */,
				774EF69117C721D1005ABB20 /* Sparkle.framework */,
				774EF68F17C721CC005ABB20 /* Growl.framework */,
				77E7E2961724B17300E18FB9 /* CoreFoundation.framework */,
				77E7E2941724B16000E18FB9 /* IOKit.framework */,
				77E52D2516D8A2640015246C /* WebKit.framework */,
				77CF348515DA33FB005ECB2F /* CoreServices.framework */,
				77DD81F214EDFDE200EBA4CE /* Ruby.framework */,
				775B528F14D331C800B874E3 /* Other Frameworks */,
			);
			name = Frameworks;
			sourceTree = "<group>";
		};
		775B528F14D331C800B874E3 /* Other Frameworks */ = {
			isa = PBXGroup;
			children = (
				773E8ADC1820C7C500D1A71A /* AppKit.framework */,
				773E8AD91820C7B700D1A71A /* Foundation.framework */,
				77FD5240187F5BF800E2A604 /* CoreData.framework */,
			);
			name = "Other Frameworks";
			sourceTree = "<group>";
		};
		775B529314D331C800B874E3 /* HaloMD */ = {
			isa = PBXGroup;
			children = (
				77C596001842C43900C81DC0 /* Dependencies */,
				775B529F14D331C800B874E3 /* AppDelegate.h */,
				775B52A014D331C800B874E3 /* AppDelegate.m */,
				77F65ECD150B1E2F00D26C71 /* MDInspectorController.h */,
				77F65ECE150B1E2F00D26C71 /* MDInspectorController.m */,
				77FFC0F61863B75800122357 /* MDGameFavoritesWindowController.h */,
				77FFC0F71863B75800122357 /* MDGameFavoritesWindowController.m */,
				77E52D1C16D89D970015246C /* MDChatWindowController.h */,
				77E52D1D16D89D970015246C /* MDChatWindowController.m */,
				77971959173B698600007D80 /* MDChatWindow.h */,
				7797195A173B698600007D80 /* MDChatWindow.m */,
				77E7E288172463C400E18FB9 /* MDChatRosterElement.h */,
				77E7E289172463C400E18FB9 /* MDChatRosterElement.m */,
				77B58A901571AF4900C93121 /* MDModsController.h */,
				77B58A911571AF4900C93121 /* MDModsController.m */,
				77B10985185D57900080BDDF /* MDPluginListItem.h */,
				77B10986185D57900080BDDF /* MDPluginListItem.m */,
				77B58AA61572BEFD00C93121 /* MDModListItem.h */,
				77B58AA91572BF6200C93121 /* MDModListItem.m */,
				77E7E2851720FCB000E18FB9 /* MDModPatch.h */,
				77E7E2861720FCB000E18FB9 /* MDModPatch.m */,
				775B52B214D332B800B874E3 /* MDServer.h */,
				775B52B314D332B800B874E3 /* MDServer.m */,
				77F65ED1150B253F00D26C71 /* MDPlayer.h */,
				77F65ED2150B253F00D26C71 /* MDPlayer.m */,
				771CA914156F59BF005A32EF /* MDHyperLink.h */,
				771CA915156F59BF005A32EF /* MDHyperLink.m */,
				77152B1E163B5AEA00F136BF /* MDNetworking.h */,
				77152B1F163B5AEA00F136BF /* MDNetworking.m */,
				77904A3A151C27070046EA96 /* keygen.h */,
				77904A37151C26BF0046EA96 /* keygen.c */,
				77E52D2916D8AC0F0015246C /* chatting.rb */,
				77329B8A168D95F3007DCAE2 /* h_master_server.rb */,
				775B52A214D331C900B874E3 /* MainMenu.xib */,
				77E52D1E16D89D970015246C /* MDChatWindowController.xib */,
				77FFC0F81863B75800122357 /* MDGameFavoritesWindowController.xib */,
				775B529414D331C800B874E3 /* Supporting Files */,
			);
			path = HaloMD;
			sourceTree = "<group>";
		};
		775B529414D331C800B874E3 /* Supporting Files */ = {
			isa = PBXGroup;
			children = (
				77971955173B3D6600007D80 /* CRcv.aif */,
				77971956173B3D6600007D80 /* CSnd.aif */,
				777A1AEF1738F588005E2883 /* chat_icon.pdf */,
				770C15401742E1FC001380A8 /* in_chat_icon.pdf */,
				770C153C1741CC37001380A8 /* game_icon.pdf */,
				77E6C6CA18413AC800705ED5 /* plugin.icns */,
				77E7E28E172477E000E18FB9 /* Growl Registration Ticket.growlRegDict */,
				77E52D2716D8A31C0015246C /* index.html */,
				77E52D2116D8A1D60015246C /* theme.css */,
				77D44A5A164A076100510501 /* lock.png */,
				770BEEB1154DB7900052193F /* shield.icns */,
				776E3FAC14FAAC01001414AB /* dsa_pub.pem */,
				774EF67C17C72117005ABB20 /* crc32forge.py */,
				774EF67A17C72111005ABB20 /* xmpp4r.rb */,
				774EF67817C7210B005ABB20 /* xmpp4r */,
				7706FC0E14DBB26C0023DBA4 /* Data */,
				775B52AC14D3326800B874E3 /* com.null.halominidemo.plist */,
				775B529514D331C800B874E3 /* HaloMD-Info.plist */,
				775B529614D331C800B874E3 /* InfoPlist.strings */,
				775B529914D331C800B874E3 /* main.m */,
				775B529B14D331C800B874E3 /* HaloMD-Prefix.pch */,
				775B529C14D331C800B874E3 /* Credits.rtf */,
			);
			name = "Supporting Files";
			sourceTree = "<group>";
		};
		77BC678E184086DC00F82849 /* ChatTextRedirect */ = {
			isa = PBXGroup;
			children = (
				77BC67981840880F00F82849 /* MDChatTextRedirect.h */,
				77BC67991840880F00F82849 /* MDChatTextRedirect.m */,
				77BC678F184086DC00F82849 /* Supporting Files */,
			);
			path = ChatTextRedirect;
			sourceTree = "<group>";
		};
		77BC678F184086DC00F82849 /* Supporting Files */ = {
			isa = PBXGroup;
			children = (
				77BC67A21840901E00F82849 /* ChatTextRedirect-Prefix.pch */,
				77BC6790184086DC00F82849 /* ChatTextRedirect-Info.plist */,
				77BC6791184086DC00F82849 /* InfoPlist.strings */,
			);
			name = "Supporting Files";
			sourceTree = "<group>";
		};
		77BC67BC1840949C00F82849 /* Code Injection */ = {
			isa = PBXGroup;
			children = (
				77B10989185D8E210080BDDF /* MDPlugin.h */,
				77BC6752184040A600F82849 /* plugin_handler.m */,
				77E6C7031842B73100705ED5 /* mach_override */,
				77FD5241187F5BF800E2A604 /* MapDownloader */,
				77E6C70B1842B7BE00705ED5 /* MapList */,
				77BC678E184086DC00F82849 /* ChatTextRedirect */,
			);
			name = "Code Injection";
			sourceTree = "<group>";
		};
		77C596001842C43900C81DC0 /* Dependencies */ = {
			isa = PBXGroup;
			children = (
				774EF68C17C72178005ABB20 /* DSClickableURLTextField.h */,
				774EF68D17C72178005ABB20 /* DSClickableURLTextField.m */,
				774EF67E17C7211F005ABB20 /* SCEvents */,
			);
			name = Dependencies;
			sourceTree = "<group>";
		};
		77E6C7031842B73100705ED5 /* mach_override */ = {
			isa = PBXGroup;
			children = (
				77BC6754184040A600F82849 /* mach_override.h */,
				77BC6753184040A600F82849 /* mach_override.c */,
			);
			name = mach_override;
			sourceTree = "<group>";
		};
		77E6C70B1842B7BE00705ED5 /* MapList */ = {
			isa = PBXGroup;
			children = (
				77E6C7151842B86200705ED5 /* ZZModList.h */,
				77E6C7161842B86200705ED5 /* ZZModList.m */,
				77E6C70C1842B7BE00705ED5 /* Supporting Files */,
			);
			path = MapList;
			sourceTree = "<group>";
		};
		77E6C70C1842B7BE00705ED5 /* Supporting Files */ = {
			isa = PBXGroup;
			children = (
				77E6C70D1842B7BE00705ED5 /* MapList-Info.plist */,
				77E6C70E1842B7BE00705ED5 /* InfoPlist.strings */,
				77E6C7111842B7BE00705ED5 /* MapList-Prefix.pch */,
			);
			name = "Supporting Files";
			sourceTree = "<group>";
		};
		77FD5241187F5BF800E2A604 /* MapDownloader */ = {
			isa = PBXGroup;
			children = (
				77FD526A187F5D0500E2A604 /* ZZTMapDownloader.h */,
				77FD526B187F5D0500E2A604 /* ZZTMapDownloader.m */,
				77FD5266187F5CAA00E2A604 /* bspatch */,
				77FD524B187F5C8600E2A604 /* minizip */,
				77FD5242187F5BF800E2A604 /* Supporting Files */,
			);
			path = MapDownloader;
			sourceTree = "<group>";
		};
		77FD5242187F5BF800E2A604 /* Supporting Files */ = {
			isa = PBXGroup;
			children = (
				77FD5243187F5BF800E2A604 /* MapDownloader-Info.plist */,
				77FD5244187F5BF800E2A604 /* InfoPlist.strings */,
				77FD5247187F5BF800E2A604 /* MapDownloader-Prefix.pch */,
			);
			name = "Supporting Files";
			sourceTree = "<group>";
		};
		77FD524B187F5C8600E2A604 /* minizip */ = {
			isa = PBXGroup;
			children = (
				77FD5259187F5CA200E2A604 /* crypt.h */,
				77FD525A187F5CA200E2A604 /* ioapi.c */,
				77FD525B187F5CA200E2A604 /* ioapi.h */,
				77FD525C187F5CA200E2A604 /* mztools.c */,
				77FD525D187F5CA200E2A604 /* mztools.h */,
				77FD525E187F5CA200E2A604 /* unzip.c */,
				77FD525F187F5CA200E2A604 /* unzip.h */,
				77FD5260187F5CA200E2A604 /* zip.c */,
				77FD5261187F5CA200E2A604 /* zip.h */,
			);
			name = minizip;
			sourceTree = "<group>";
		};
		77FD5266187F5CAA00E2A604 /* bspatch */ = {
			isa = PBXGroup;
			children = (
				77FD5267187F5CBE00E2A604 /* bspatch.c */,
				77FD5268187F5CBE00E2A604 /* bspatch.h */,
			);
			name = bspatch;
			sourceTree = "<group>";
		};
/* End PBXGroup section */

/* Begin PBXHeadersBuildPhase section */
		77BC674B1840405100F82849 /* Headers */ = {
			isa = PBXHeadersBuildPhase;
			buildActionMask = 2147483647;
			files = (
				77B1098A185D8E210080BDDF /* MDPlugin.h in Headers */,
				77BC6757184040A600F82849 /* mach_override.h in Headers */,
			);
			runOnlyForDeploymentPostprocessing = 0;
		};
/* End PBXHeadersBuildPhase section */

/* Begin PBXNativeTarget section */
		775B528814D331C800B874E3 /* HaloMD */ = {
			isa = PBXNativeTarget;
			buildConfigurationList = 775B52A714D331C900B874E3 /* Build configuration list for PBXNativeTarget "HaloMD" */;
			buildPhases = (
				775B528514D331C800B874E3 /* Sources */,
				775B528614D331C800B874E3 /* Frameworks */,
				775B528714D331C800B874E3 /* Resources */,
				7706FC1014DBB2830023DBA4 /* Copy Halo Data */,
				776E3FAA14FAA9F0001414AB /* Copy Frameworks */,
				77E6C6CF18414A3600705ED5 /* Copy Plugins */,
			);
			buildRules = (
			);
			dependencies = (
				77FD526F187F5D3900E2A604 /* PBXTargetDependency */,
				77BC675D184043B300F82849 /* PBXTargetDependency */,
				77BC679F1840899D00F82849 /* PBXTargetDependency */,
				77C595FD1842B91A00C81DC0 /* PBXTargetDependency */,
			);
			name = HaloMD;
			productName = HaloMD;
			productReference = 775B528914D331C800B874E3 /* HaloMD.app */;
			productType = "com.apple.product-type.application";
		};
		77BC674C1840405100F82849 /* MDOverrides */ = {
			isa = PBXNativeTarget;
			buildConfigurationList = 77BC67501840405200F82849 /* Build configuration list for PBXNativeTarget "MDOverrides" */;
			buildPhases = (
				77BC67491840405100F82849 /* Sources */,
				77BC674A1840405100F82849 /* Frameworks */,
				77BC674B1840405100F82849 /* Headers */,
			);
			buildRules = (
			);
			dependencies = (
			);
			name = MDOverrides;
			productName = MDOverrides;
			productReference = 77BC674D1840405100F82849 /* MDOverrides.dylib */;
			productType = "com.apple.product-type.library.dynamic";
		};
		77BC6789184086DC00F82849 /* ChatTextRedirect */ = {
			isa = PBXNativeTarget;
			buildConfigurationList = 77BC6795184086DC00F82849 /* Build configuration list for PBXNativeTarget "ChatTextRedirect" */;
			buildPhases = (
				77BC6786184086DC00F82849 /* Sources */,
				77BC6787184086DC00F82849 /* Frameworks */,
				77BC6788184086DC00F82849 /* Resources */,
			);
			buildRules = (
			);
			dependencies = (
			);
			name = ChatTextRedirect;
			productName = ChatTextRedirect;
			productReference = 77BC678A184086DC00F82849 /* ChatTextRedirect.mdplugin */;
			productType = "com.apple.product-type.bundle";
		};
		77E6C7081842B7BE00705ED5 /* MapList */ = {
			isa = PBXNativeTarget;
			buildConfigurationList = 77E6C7121842B7BE00705ED5 /* Build configuration list for PBXNativeTarget "MapList" */;
			buildPhases = (
				77E6C7051842B7BE00705ED5 /* Sources */,
				77E6C7061842B7BE00705ED5 /* Frameworks */,
				77E6C7071842B7BE00705ED5 /* Resources */,
			);
			buildRules = (
			);
			dependencies = (
			);
			name = MapList;
			productName = MapList;
			productReference = 77E6C7091842B7BE00705ED5 /* MapList.mdplugin */;
			productType = "com.apple.product-type.bundle";
		};
		77FD523D187F5BF800E2A604 /* MapDownloader */ = {
			isa = PBXNativeTarget;
			buildConfigurationList = 77FD5248187F5BF800E2A604 /* Build configuration list for PBXNativeTarget "MapDownloader" */;
			buildPhases = (
				77FD523A187F5BF800E2A604 /* Sources */,
				77FD523B187F5BF800E2A604 /* Frameworks */,
				77FD523C187F5BF800E2A604 /* Resources */,
			);
			buildRules = (
			);
			dependencies = (
			);
			name = MapDownloader;
			productName = MapDownloader;
			productReference = 77FD523E187F5BF800E2A604 /* MapDownloader.mdplugin */;
			productType = "com.apple.product-type.bundle";
		};
/* End PBXNativeTarget section */

/* Begin PBXProject section */
		775B528014D331C800B874E3 /* Project object */ = {
			isa = PBXProject;
			attributes = {
				LastUpgradeCheck = 0460;
				ORGANIZATIONNAME = "Pennsylvania State University";
			};
			buildConfigurationList = 775B528314D331C800B874E3 /* Build configuration list for PBXProject "HaloMD" */;
			compatibilityVersion = "Xcode 3.2";
			developmentRegion = English;
			hasScannedForEncodings = 0;
			knownRegions = (
				en,
			);
			mainGroup = 775B527E14D331C800B874E3;
			productRefGroup = 775B528A14D331C800B874E3 /* Products */;
			projectDirPath = "";
			projectRoot = "";
			targets = (
				775B528814D331C800B874E3 /* HaloMD */,
				77BC674C1840405100F82849 /* MDOverrides */,
				77BC6789184086DC00F82849 /* ChatTextRedirect */,
				77E6C7081842B7BE00705ED5 /* MapList */,
				77FD523D187F5BF800E2A604 /* MapDownloader */,
			);
		};
/* End PBXProject section */

/* Begin PBXResourcesBuildPhase section */
		775B528714D331C800B874E3 /* Resources */ = {
			isa = PBXResourcesBuildPhase;
			buildActionMask = 2147483647;
			files = (
				775B529814D331C800B874E3 /* InfoPlist.strings in Resources */,
				775B529E14D331C800B874E3 /* Credits.rtf in Resources */,
				77E6C6CB18413AC800705ED5 /* plugin.icns in Resources */,
				775B52A414D331C900B874E3 /* MainMenu.xib in Resources */,
				775B52AD14D3326800B874E3 /* com.null.halominidemo.plist in Resources */,
				776E3FAD14FAAC01001414AB /* dsa_pub.pem in Resources */,
				770BEEB2154DB7900052193F /* shield.icns in Resources */,
				77D44A5B164A076100510501 /* lock.png in Resources */,
				77E52D2016D89D970015246C /* MDChatWindowController.xib in Resources */,
				77E52D2216D8A1D60015246C /* theme.css in Resources */,
				77E52D2816D8A31C0015246C /* index.html in Resources */,
				77E52D2A16D8AC0F0015246C /* chatting.rb in Resources */,
				77FFC0FA1863B75800122357 /* MDGameFavoritesWindowController.xib in Resources */,
				77E7E28F172477E000E18FB9 /* Growl Registration Ticket.growlRegDict in Resources */,
				777A1AF01738F588005E2883 /* chat_icon.pdf in Resources */,
				77971957173B3D6600007D80 /* CRcv.aif in Resources */,
				77971958173B3D6600007D80 /* CSnd.aif in Resources */,
				770C153D1741CC37001380A8 /* game_icon.pdf in Resources */,
				770C15411742E1FD001380A8 /* in_chat_icon.pdf in Resources */,
				774EF67917C7210B005ABB20 /* xmpp4r in Resources */,
				774EF67B17C72111005ABB20 /* xmpp4r.rb in Resources */,
				774EF67D17C72117005ABB20 /* crc32forge.py in Resources */,
			);
			runOnlyForDeploymentPostprocessing = 0;
		};
		77BC6788184086DC00F82849 /* Resources */ = {
			isa = PBXResourcesBuildPhase;
			buildActionMask = 2147483647;
			files = (
				77BC6793184086DC00F82849 /* InfoPlist.strings in Resources */,
			);
			runOnlyForDeploymentPostprocessing = 0;
		};
		77E6C7071842B7BE00705ED5 /* Resources */ = {
			isa = PBXResourcesBuildPhase;
			buildActionMask = 2147483647;
			files = (
				77E6C7101842B7BE00705ED5 /* InfoPlist.strings in Resources */,
			);
			runOnlyForDeploymentPostprocessing = 0;
		};
		77FD523C187F5BF800E2A604 /* Resources */ = {
			isa = PBXResourcesBuildPhase;
			buildActionMask = 2147483647;
			files = (
				77FD5246187F5BF800E2A604 /* InfoPlist.strings in Resources */,
			);
			runOnlyForDeploymentPostprocessing = 0;
		};
/* End PBXResourcesBuildPhase section */

/* Begin PBXSourcesBuildPhase section */
		775B528514D331C800B874E3 /* Sources */ = {
			isa = PBXSourcesBuildPhase;
			buildActionMask = 2147483647;
			files = (
				775B529A14D331C800B874E3 /* main.m in Sources */,
				775B52A114D331C800B874E3 /* AppDelegate.m in Sources */,
				775B52B414D332B800B874E3 /* MDServer.m in Sources */,
				77F65ECF150B1E3000D26C71 /* MDInspectorController.m in Sources */,
				77F65ED3150B253F00D26C71 /* MDPlayer.m in Sources */,
				77904A38151C26BF0046EA96 /* keygen.c in Sources */,
				77FFC0F91863B75800122357 /* MDGameFavoritesWindowController.m in Sources */,
				77B10987185D57900080BDDF /* MDPluginListItem.m in Sources */,
				771CA916156F59BF005A32EF /* MDHyperLink.m in Sources */,
				77B58A921571AF4900C93121 /* MDModsController.m in Sources */,
				77B58AAA1572BF6200C93121 /* MDModListItem.m in Sources */,
				77152B20163B5AEA00F136BF /* MDNetworking.m in Sources */,
				77E52D1F16D89D970015246C /* MDChatWindowController.m in Sources */,
				77E7E2871720FCB100E18FB9 /* MDModPatch.m in Sources */,
				77E7E28A172463C500E18FB9 /* MDChatRosterElement.m in Sources */,
				7797195B173B698600007D80 /* MDChatWindow.m in Sources */,
				774EF68717C72134005ABB20 /* SCEvent.m in Sources */,
				774EF68817C72134005ABB20 /* SCEvents.m in Sources */,
				774EF68E17C72178005ABB20 /* DSClickableURLTextField.m in Sources */,
			);
			runOnlyForDeploymentPostprocessing = 0;
		};
		77BC67491840405100F82849 /* Sources */ = {
			isa = PBXSourcesBuildPhase;
			buildActionMask = 2147483647;
			files = (
				77B10988185D8CF50080BDDF /* mach_override.c in Sources */,
				77BC6755184040A600F82849 /* plugin_handler.m in Sources */,
			);
			runOnlyForDeploymentPostprocessing = 0;
		};
		77BC6786184086DC00F82849 /* Sources */ = {
			isa = PBXSourcesBuildPhase;
			buildActionMask = 2147483647;
			files = (
				77BC67A118408EFC00F82849 /* mach_override.c in Sources */,
				77BC679A1840880F00F82849 /* MDChatTextRedirect.m in Sources */,
			);
			runOnlyForDeploymentPostprocessing = 0;
		};
		77E6C7051842B7BE00705ED5 /* Sources */ = {
			isa = PBXSourcesBuildPhase;
			buildActionMask = 2147483647;
			files = (
				77C595FF1842B97800C81DC0 /* mach_override.c in Sources */,
				77E6C7171842B86200705ED5 /* ZZModList.m in Sources */,
			);
			runOnlyForDeploymentPostprocessing = 0;
		};
		77FD523A187F5BF800E2A604 /* Sources */ = {
			isa = PBXSourcesBuildPhase;
			buildActionMask = 2147483647;
			files = (
				77FD5270187F5D7700E2A604 /* mach_override.c in Sources */,
				77FD5264187F5CA200E2A604 /* unzip.c in Sources */,
				77FD5269187F5CBE00E2A604 /* bspatch.c in Sources */,
				77FD526C187F5D0500E2A604 /* ZZTMapDownloader.m in Sources */,
				77FD5265187F5CA200E2A604 /* zip.c in Sources */,
				77FD5263187F5CA200E2A604 /* mztools.c in Sources */,
				77FD5262187F5CA200E2A604 /* ioapi.c in Sources */,
			);
			runOnlyForDeploymentPostprocessing = 0;
		};
/* End PBXSourcesBuildPhase section */

/* Begin PBXTargetDependency section */
		77BC675D184043B300F82849 /* PBXTargetDependency */ = {
			isa = PBXTargetDependency;
			target = 77BC674C1840405100F82849 /* MDOverrides */;
			targetProxy = 77BC675C184043B300F82849 /* PBXContainerItemProxy */;
		};
		77BC679F1840899D00F82849 /* PBXTargetDependency */ = {
			isa = PBXTargetDependency;
			target = 77BC6789184086DC00F82849 /* ChatTextRedirect */;
			targetProxy = 77BC679E1840899D00F82849 /* PBXContainerItemProxy */;
		};
		77C595FD1842B91A00C81DC0 /* PBXTargetDependency */ = {
			isa = PBXTargetDependency;
			target = 77E6C7081842B7BE00705ED5 /* MapList */;
			targetProxy = 77C595FC1842B91A00C81DC0 /* PBXContainerItemProxy */;
		};
		77FD526F187F5D3900E2A604 /* PBXTargetDependency */ = {
			isa = PBXTargetDependency;
			target = 77FD523D187F5BF800E2A604 /* MapDownloader */;
			targetProxy = 77FD526E187F5D3900E2A604 /* PBXContainerItemProxy */;
		};
/* End PBXTargetDependency section */

/* Begin PBXVariantGroup section */
		775B529614D331C800B874E3 /* InfoPlist.strings */ = {
			isa = PBXVariantGroup;
			children = (
				775B529714D331C800B874E3 /* en */,
			);
			name = InfoPlist.strings;
			sourceTree = "<group>";
		};
		775B529C14D331C800B874E3 /* Credits.rtf */ = {
			isa = PBXVariantGroup;
			children = (
				775B529D14D331C800B874E3 /* en */,
			);
			name = Credits.rtf;
			sourceTree = "<group>";
		};
		775B52A214D331C900B874E3 /* MainMenu.xib */ = {
			isa = PBXVariantGroup;
			children = (
				775B52A314D331C900B874E3 /* en */,
			);
			name = MainMenu.xib;
			sourceTree = "<group>";
		};
		77BC6791184086DC00F82849 /* InfoPlist.strings */ = {
			isa = PBXVariantGroup;
			children = (
				77BC6792184086DC00F82849 /* en */,
			);
			name = InfoPlist.strings;
			sourceTree = "<group>";
		};
		77E6C70E1842B7BE00705ED5 /* InfoPlist.strings */ = {
			isa = PBXVariantGroup;
			children = (
				77E6C70F1842B7BE00705ED5 /* en */,
			);
			name = InfoPlist.strings;
			sourceTree = "<group>";
		};
		77FD5244187F5BF800E2A604 /* InfoPlist.strings */ = {
			isa = PBXVariantGroup;
			children = (
				77FD5245187F5BF800E2A604 /* en */,
			);
			name = InfoPlist.strings;
			sourceTree = "<group>";
		};
/* End PBXVariantGroup section */

/* Begin XCBuildConfiguration section */
		775B52A514D331C900B874E3 /* Debug */ = {
			isa = XCBuildConfiguration;
			buildSettings = {
				ALWAYS_SEARCH_USER_PATHS = NO;
				ARCHS = "$(ARCHS_STANDARD_32_64_BIT)";
				CLANG_WARN_CONSTANT_CONVERSION = YES;
				CLANG_WARN_ENUM_CONVERSION = YES;
				CLANG_WARN_INT_CONVERSION = YES;
				CLANG_WARN__DUPLICATE_METHOD_MATCH = YES;
				COPY_PHASE_STRIP = NO;
				GCC_C_LANGUAGE_STANDARD = gnu99;
				GCC_DYNAMIC_NO_PIC = NO;
				GCC_ENABLE_OBJC_EXCEPTIONS = YES;
				GCC_OPTIMIZATION_LEVEL = 0;
				GCC_PREPROCESSOR_DEFINITIONS = (
					"DEBUG=1",
					"$(inherited)",
				);
				GCC_SYMBOLS_PRIVATE_EXTERN = NO;
				GCC_VERSION = com.apple.compilers.llvm.clang.1_0;
				GCC_WARN_64_TO_32_BIT_CONVERSION = YES;
				GCC_WARN_ABOUT_MISSING_PROTOTYPES = YES;
				GCC_WARN_ABOUT_RETURN_TYPE = YES;
				GCC_WARN_UNINITIALIZED_AUTOS = YES;
				GCC_WARN_UNUSED_VARIABLE = YES;
				MACOSX_DEPLOYMENT_TARGET = 10.5;
				ONLY_ACTIVE_ARCH = YES;
				SDKROOT = macosx10.7;
			};
			name = Debug;
		};
		775B52A614D331C900B874E3 /* Release */ = {
			isa = XCBuildConfiguration;
			buildSettings = {
				ALWAYS_SEARCH_USER_PATHS = NO;
				ARCHS = "$(ARCHS_STANDARD_32_64_BIT)";
				CLANG_WARN_CONSTANT_CONVERSION = YES;
				CLANG_WARN_ENUM_CONVERSION = YES;
				CLANG_WARN_INT_CONVERSION = YES;
				CLANG_WARN__DUPLICATE_METHOD_MATCH = YES;
				COPY_PHASE_STRIP = YES;
				DEBUG_INFORMATION_FORMAT = "dwarf-with-dsym";
				GCC_C_LANGUAGE_STANDARD = gnu99;
				GCC_ENABLE_OBJC_EXCEPTIONS = YES;
				GCC_VERSION = com.apple.compilers.llvm.clang.1_0;
				GCC_WARN_64_TO_32_BIT_CONVERSION = YES;
				GCC_WARN_ABOUT_MISSING_PROTOTYPES = YES;
				GCC_WARN_ABOUT_RETURN_TYPE = YES;
				GCC_WARN_UNINITIALIZED_AUTOS = YES;
				GCC_WARN_UNUSED_VARIABLE = YES;
				MACOSX_DEPLOYMENT_TARGET = 10.5;
				SDKROOT = macosx10.7;
			};
			name = Release;
		};
		775B52A814D331C900B874E3 /* Debug */ = {
			isa = XCBuildConfiguration;
			buildSettings = {
				ARCHS = "$(ARCHS_STANDARD_32_64_BIT)";
				COMBINE_HIDPI_IMAGES = YES;
				FRAMEWORK_SEARCH_PATHS = (
					"$(inherited)",
					"\"$(SRCROOT)\"",
					"\"$(SRCROOT)/vendor\"",
				);
				GCC_PRECOMPILE_PREFIX_HEADER = YES;
				GCC_PREFIX_HEADER = "HaloMD/HaloMD-Prefix.pch";
				INFOPLIST_FILE = "HaloMD/HaloMD-Info.plist";
				LIBRARY_SEARCH_PATHS = (
					"$(inherited)",
					"\"$(SRCROOT)/HaloMD\"",
					"\"$(SRCROOT)\"",
				);
				MACOSX_DEPLOYMENT_TARGET = 10.5;
				OTHER_LDFLAGS = "-lresolv";
				PRODUCT_NAME = "$(TARGET_NAME)";
				SDKROOT = macosx10.8;
				WRAPPER_EXTENSION = app;
			};
			name = Debug;
		};
		775B52A914D331C900B874E3 /* Release */ = {
			isa = XCBuildConfiguration;
			buildSettings = {
				ARCHS = "$(ARCHS_STANDARD_32_64_BIT)";
				COMBINE_HIDPI_IMAGES = YES;
				FRAMEWORK_SEARCH_PATHS = (
					"$(inherited)",
					"\"$(SRCROOT)\"",
					"\"$(SRCROOT)/vendor\"",
				);
				GCC_PRECOMPILE_PREFIX_HEADER = YES;
				GCC_PREFIX_HEADER = "HaloMD/HaloMD-Prefix.pch";
				INFOPLIST_FILE = "HaloMD/HaloMD-Info.plist";
				LIBRARY_SEARCH_PATHS = (
					"$(inherited)",
					"\"$(SRCROOT)/HaloMD\"",
					"\"$(SRCROOT)\"",
				);
				MACOSX_DEPLOYMENT_TARGET = 10.5;
				OTHER_LDFLAGS = "-lresolv";
				PRODUCT_NAME = "$(TARGET_NAME)";
				SDKROOT = macosx10.8;
				WRAPPER_EXTENSION = app;
			};
			name = Release;
		};
		77BC674E1840405200F82849 /* Debug */ = {
			isa = XCBuildConfiguration;
			buildSettings = {
				ARCHS = "$(ARCHS_STANDARD_32_BIT)";
				CLANG_CXX_LANGUAGE_STANDARD = "gnu++0x";
				CLANG_CXX_LIBRARY = "libstdc++";
				CLANG_ENABLE_OBJC_ARC = NO;
				CLANG_WARN_BOOL_CONVERSION = YES;
				CLANG_WARN_DIRECT_OBJC_ISA_USAGE = YES_ERROR;
				CLANG_WARN_EMPTY_BODY = YES;
				CLANG_WARN_OBJC_ROOT_CLASS = YES_ERROR;
				EXECUTABLE_PREFIX = "";
				GCC_PREPROCESSOR_DEFINITIONS = (
					"DEBUG=1",
					"$(inherited)",
				);
				GCC_WARN_ABOUT_RETURN_TYPE = YES_ERROR;
				GCC_WARN_UNDECLARED_SELECTOR = YES;
				GCC_WARN_UNUSED_FUNCTION = YES;
				INIT_ROUTINE = "";
				MACOSX_DEPLOYMENT_TARGET = 10.5;
				OTHER_CFLAGS = "";
				OTHER_LDFLAGS = "";
				PRESERVE_DEAD_CODE_INITS_AND_TERMS = NO;
				PRODUCT_NAME = "$(TARGET_NAME)";
				SDKROOT = macosx;
			};
			name = Debug;
		};
		77BC674F1840405200F82849 /* Release */ = {
			isa = XCBuildConfiguration;
			buildSettings = {
				ARCHS = "$(ARCHS_STANDARD_32_BIT)";
				CLANG_CXX_LANGUAGE_STANDARD = "gnu++0x";
				CLANG_CXX_LIBRARY = "libstdc++";
				CLANG_ENABLE_OBJC_ARC = NO;
				CLANG_WARN_BOOL_CONVERSION = YES;
				CLANG_WARN_DIRECT_OBJC_ISA_USAGE = YES_ERROR;
				CLANG_WARN_EMPTY_BODY = YES;
				CLANG_WARN_OBJC_ROOT_CLASS = YES_ERROR;
				ENABLE_NS_ASSERTIONS = NO;
				EXECUTABLE_PREFIX = "";
				GCC_WARN_ABOUT_RETURN_TYPE = YES_ERROR;
				GCC_WARN_UNDECLARED_SELECTOR = YES;
				GCC_WARN_UNUSED_FUNCTION = YES;
				INIT_ROUTINE = "";
				MACOSX_DEPLOYMENT_TARGET = 10.5;
				OTHER_CFLAGS = "";
				OTHER_LDFLAGS = "";
				PRESERVE_DEAD_CODE_INITS_AND_TERMS = NO;
				PRODUCT_NAME = "$(TARGET_NAME)";
				SDKROOT = macosx;
			};
			name = Release;
		};
		77BC6796184086DC00F82849 /* Debug */ = {
			isa = XCBuildConfiguration;
			buildSettings = {
				ARCHS = "$(ARCHS_STANDARD_32_BIT)";
				CLANG_CXX_LANGUAGE_STANDARD = "gnu++0x";
				CLANG_CXX_LIBRARY = "libc++";
				CLANG_ENABLE_OBJC_ARC = NO;
				CLANG_WARN_BOOL_CONVERSION = YES;
				CLANG_WARN_DIRECT_OBJC_ISA_USAGE = YES_ERROR;
				CLANG_WARN_EMPTY_BODY = YES;
				CLANG_WARN_OBJC_ROOT_CLASS = YES_ERROR;
				COMBINE_HIDPI_IMAGES = YES;
				FRAMEWORK_SEARCH_PATHS = (
					"$(inherited)",
					"$(DEVELOPER_FRAMEWORKS_DIR)",
				);
				GCC_PRECOMPILE_PREFIX_HEADER = YES;
				GCC_PREFIX_HEADER = "ChatTextRedirect/ChatTextRedirect-Prefix.pch";
				GCC_PREPROCESSOR_DEFINITIONS = (
					"DEBUG=1",
					"$(inherited)",
				);
				GCC_WARN_ABOUT_RETURN_TYPE = YES_ERROR;
				GCC_WARN_UNDECLARED_SELECTOR = YES;
				GCC_WARN_UNUSED_FUNCTION = YES;
				INFOPLIST_FILE = "ChatTextRedirect/ChatTextRedirect-Info.plist";
				INSTALL_PATH = "$(LOCAL_LIBRARY_DIR)/Bundles";
				MACOSX_DEPLOYMENT_TARGET = 10.5;
				PRODUCT_NAME = "$(TARGET_NAME)";
				SDKROOT = macosx;
				WRAPPER_EXTENSION = mdplugin;
			};
			name = Debug;
		};
		77BC6797184086DC00F82849 /* Release */ = {
			isa = XCBuildConfiguration;
			buildSettings = {
				ARCHS = "$(ARCHS_STANDARD_32_BIT)";
				CLANG_CXX_LANGUAGE_STANDARD = "gnu++0x";
				CLANG_CXX_LIBRARY = "libc++";
				CLANG_ENABLE_OBJC_ARC = NO;
				CLANG_WARN_BOOL_CONVERSION = YES;
				CLANG_WARN_DIRECT_OBJC_ISA_USAGE = YES_ERROR;
				CLANG_WARN_EMPTY_BODY = YES;
				CLANG_WARN_OBJC_ROOT_CLASS = YES_ERROR;
				COMBINE_HIDPI_IMAGES = YES;
				ENABLE_NS_ASSERTIONS = NO;
				FRAMEWORK_SEARCH_PATHS = (
					"$(inherited)",
					"$(DEVELOPER_FRAMEWORKS_DIR)",
				);
				GCC_PRECOMPILE_PREFIX_HEADER = YES;
				GCC_PREFIX_HEADER = "ChatTextRedirect/ChatTextRedirect-Prefix.pch";
				GCC_WARN_ABOUT_RETURN_TYPE = YES_ERROR;
				GCC_WARN_UNDECLARED_SELECTOR = YES;
				GCC_WARN_UNUSED_FUNCTION = YES;
				INFOPLIST_FILE = "ChatTextRedirect/ChatTextRedirect-Info.plist";
				INSTALL_PATH = "$(LOCAL_LIBRARY_DIR)/Bundles";
				MACOSX_DEPLOYMENT_TARGET = 10.5;
				PRODUCT_NAME = "$(TARGET_NAME)";
				SDKROOT = macosx;
				WRAPPER_EXTENSION = mdplugin;
			};
			name = Release;
		};
		77E6C7131842B7BE00705ED5 /* Debug */ = {
			isa = XCBuildConfiguration;
			buildSettings = {
				ARCHS = "$(ARCHS_STANDARD_32_BIT)";
				CLANG_CXX_LANGUAGE_STANDARD = "gnu++0x";
				CLANG_CXX_LIBRARY = "libc++";
				CLANG_ENABLE_OBJC_ARC = NO;
				CLANG_WARN_BOOL_CONVERSION = YES;
				CLANG_WARN_DIRECT_OBJC_ISA_USAGE = YES_ERROR;
				CLANG_WARN_EMPTY_BODY = YES;
				CLANG_WARN_OBJC_ROOT_CLASS = YES_ERROR;
				COMBINE_HIDPI_IMAGES = YES;
				FRAMEWORK_SEARCH_PATHS = (
					"$(inherited)",
					"$(DEVELOPER_FRAMEWORKS_DIR)",
				);
				GCC_PRECOMPILE_PREFIX_HEADER = YES;
				GCC_PREFIX_HEADER = "MapList/MapList-Prefix.pch";
				GCC_PREPROCESSOR_DEFINITIONS = (
					"DEBUG=1",
					"$(inherited)",
				);
				GCC_WARN_ABOUT_RETURN_TYPE = YES_ERROR;
				GCC_WARN_UNDECLARED_SELECTOR = YES;
				GCC_WARN_UNUSED_FUNCTION = YES;
				INFOPLIST_FILE = "MapList/MapList-Info.plist";
				INSTALL_PATH = "$(LOCAL_LIBRARY_DIR)/Bundles";
				MACOSX_DEPLOYMENT_TARGET = 10.5;
				PRODUCT_NAME = "$(TARGET_NAME)";
				SDKROOT = macosx;
				WRAPPER_EXTENSION = mdplugin;
			};
			name = Debug;
		};
		77E6C7141842B7BE00705ED5 /* Release */ = {
			isa = XCBuildConfiguration;
			buildSettings = {
				ARCHS = "$(ARCHS_STANDARD_32_BIT)";
				CLANG_CXX_LANGUAGE_STANDARD = "gnu++0x";
				CLANG_CXX_LIBRARY = "libc++";
				CLANG_ENABLE_OBJC_ARC = NO;
				CLANG_WARN_BOOL_CONVERSION = YES;
				CLANG_WARN_DIRECT_OBJC_ISA_USAGE = YES_ERROR;
				CLANG_WARN_EMPTY_BODY = YES;
				CLANG_WARN_OBJC_ROOT_CLASS = YES_ERROR;
				COMBINE_HIDPI_IMAGES = YES;
				ENABLE_NS_ASSERTIONS = NO;
				FRAMEWORK_SEARCH_PATHS = (
					"$(inherited)",
					"$(DEVELOPER_FRAMEWORKS_DIR)",
				);
				GCC_PRECOMPILE_PREFIX_HEADER = YES;
				GCC_PREFIX_HEADER = "MapList/MapList-Prefix.pch";
				GCC_WARN_ABOUT_RETURN_TYPE = YES_ERROR;
				GCC_WARN_UNDECLARED_SELECTOR = YES;
				GCC_WARN_UNUSED_FUNCTION = YES;
				INFOPLIST_FILE = "MapList/MapList-Info.plist";
				INSTALL_PATH = "$(LOCAL_LIBRARY_DIR)/Bundles";
				MACOSX_DEPLOYMENT_TARGET = 10.5;
				PRODUCT_NAME = "$(TARGET_NAME)";
				SDKROOT = macosx;
				WRAPPER_EXTENSION = mdplugin;
			};
			name = Release;
		};
		77FD5249187F5BF800E2A604 /* Debug */ = {
			isa = XCBuildConfiguration;
			buildSettings = {
				ARCHS = "$(ARCHS_STANDARD_32_BIT)";
				CLANG_CXX_LANGUAGE_STANDARD = "gnu++0x";
				CLANG_CXX_LIBRARY = "libc++";
				CLANG_ENABLE_OBJC_ARC = NO;
				CLANG_WARN_BOOL_CONVERSION = YES;
				CLANG_WARN_DIRECT_OBJC_ISA_USAGE = YES_ERROR;
				CLANG_WARN_EMPTY_BODY = YES;
				CLANG_WARN_OBJC_ROOT_CLASS = YES_ERROR;
				COMBINE_HIDPI_IMAGES = YES;
				FRAMEWORK_SEARCH_PATHS = (
					"$(inherited)",
					"$(DEVELOPER_DIR)/Platforms/MacOSX.platform/Developer/SDKs/MacOSX10.8.sdk/System/Library/Frameworks",
				);
				GCC_PRECOMPILE_PREFIX_HEADER = YES;
				GCC_PREFIX_HEADER = "MapDownloader/MapDownloader-Prefix.pch";
				GCC_PREPROCESSOR_DEFINITIONS = (
					"DEBUG=1",
					"$(inherited)",
				);
				GCC_WARN_ABOUT_RETURN_TYPE = YES_ERROR;
				GCC_WARN_UNDECLARED_SELECTOR = YES;
				GCC_WARN_UNUSED_FUNCTION = YES;
				INFOPLIST_FILE = "MapDownloader/MapDownloader-Info.plist";
				INSTALL_PATH = "$(LOCAL_LIBRARY_DIR)/Bundles";
				MACOSX_DEPLOYMENT_TARGET = 10.5;
				PRODUCT_NAME = "$(TARGET_NAME)";
				SDKROOT = macosx;
				WRAPPER_EXTENSION = mdplugin;
			};
			name = Debug;
		};
		77FD524A187F5BF800E2A604 /* Release */ = {
			isa = XCBuildConfiguration;
			buildSettings = {
				ARCHS = "$(ARCHS_STANDARD_32_BIT)";
				CLANG_CXX_LANGUAGE_STANDARD = "gnu++0x";
				CLANG_CXX_LIBRARY = "libc++";
				CLANG_ENABLE_OBJC_ARC = NO;
				CLANG_WARN_BOOL_CONVERSION = YES;
				CLANG_WARN_DIRECT_OBJC_ISA_USAGE = YES_ERROR;
				CLANG_WARN_EMPTY_BODY = YES;
				CLANG_WARN_OBJC_ROOT_CLASS = YES_ERROR;
				COMBINE_HIDPI_IMAGES = YES;
				ENABLE_NS_ASSERTIONS = NO;
				FRAMEWORK_SEARCH_PATHS = (
					"$(inherited)",
					"$(DEVELOPER_DIR)/Platforms/MacOSX.platform/Developer/SDKs/MacOSX10.8.sdk/System/Library/Frameworks",
				);
				GCC_PRECOMPILE_PREFIX_HEADER = YES;
				GCC_PREFIX_HEADER = "MapDownloader/MapDownloader-Prefix.pch";
				GCC_WARN_ABOUT_RETURN_TYPE = YES_ERROR;
				GCC_WARN_UNDECLARED_SELECTOR = YES;
				GCC_WARN_UNUSED_FUNCTION = YES;
				INFOPLIST_FILE = "MapDownloader/MapDownloader-Info.plist";
				INSTALL_PATH = "$(LOCAL_LIBRARY_DIR)/Bundles";
				MACOSX_DEPLOYMENT_TARGET = 10.5;
				PRODUCT_NAME = "$(TARGET_NAME)";
				SDKROOT = macosx;
				WRAPPER_EXTENSION = mdplugin;
			};
			name = Release;
		};
/* End XCBuildConfiguration section */

/* Begin XCConfigurationList section */
		775B528314D331C800B874E3 /* Build configuration list for PBXProject "HaloMD" */ = {
			isa = XCConfigurationList;
			buildConfigurations = (
				775B52A514D331C900B874E3 /* Debug */,
				775B52A614D331C900B874E3 /* Release */,
			);
			defaultConfigurationIsVisible = 0;
			defaultConfigurationName = Release;
		};
		775B52A714D331C900B874E3 /* Build configuration list for PBXNativeTarget "HaloMD" */ = {
			isa = XCConfigurationList;
			buildConfigurations = (
				775B52A814D331C900B874E3 /* Debug */,
				775B52A914D331C900B874E3 /* Release */,
			);
			defaultConfigurationIsVisible = 0;
			defaultConfigurationName = Release;
		};
		77BC67501840405200F82849 /* Build configuration list for PBXNativeTarget "MDOverrides" */ = {
			isa = XCConfigurationList;
			buildConfigurations = (
				77BC674E1840405200F82849 /* Debug */,
				77BC674F1840405200F82849 /* Release */,
			);
			defaultConfigurationIsVisible = 0;
			defaultConfigurationName = Release;
		};
		77BC6795184086DC00F82849 /* Build configuration list for PBXNativeTarget "ChatTextRedirect" */ = {
			isa = XCConfigurationList;
			buildConfigurations = (
				77BC6796184086DC00F82849 /* Debug */,
				77BC6797184086DC00F82849 /* Release */,
			);
			defaultConfigurationIsVisible = 0;
			defaultConfigurationName = Release;
		};
		77E6C7121842B7BE00705ED5 /* Build configuration list for PBXNativeTarget "MapList" */ = {
			isa = XCConfigurationList;
			buildConfigurations = (
				77E6C7131842B7BE00705ED5 /* Debug */,
				77E6C7141842B7BE00705ED5 /* Release */,
			);
			defaultConfigurationIsVisible = 0;
			defaultConfigurationName = Release;
		};
		77FD5248187F5BF800E2A604 /* Build configuration list for PBXNativeTarget "MapDownloader" */ = {
			isa = XCConfigurationList;
			buildConfigurations = (
				77FD5249187F5BF800E2A604 /* Debug */,
				77FD524A187F5BF800E2A604 /* Release */,
			);
			defaultConfigurationIsVisible = 0;
			defaultConfigurationName = Release;
		};
/* End XCConfigurationList section */
	};
	rootObject = 775B528014D331C800B874E3 /* Project object */;
}
